// !$*UTF8*$!
{
	archiveVersion = 1;
	classes = {
	};
	objectVersion = 56;
	objects = {

/* Begin PBXBuildFile section */
		99DE0F2F2A5D57C300C59B95 /* CoffeeChat_Ver2App.swift in Sources */ = {isa = PBXBuildFile; fileRef = 99DE0F2E2A5D57C300C59B95 /* CoffeeChat_Ver2App.swift */; };
		99DE0F312A5D57C300C59B95 /* ContentView.swift in Sources */ = {isa = PBXBuildFile; fileRef = 99DE0F302A5D57C300C59B95 /* ContentView.swift */; };
		99DE0F332A5D57C600C59B95 /* Assets.xcassets in Resources */ = {isa = PBXBuildFile; fileRef = 99DE0F322A5D57C600C59B95 /* Assets.xcassets */; };
		99DE0F362A5D57C600C59B95 /* Preview Assets.xcassets in Resources */ = {isa = PBXBuildFile; fileRef = 99DE0F352A5D57C600C59B95 /* Preview Assets.xcassets */; };
		CE935AFA2A5D5BB50029A594 /* HyoseokView.swift in Sources */ = {isa = PBXBuildFile; fileRef = CE935AF92A5D5BB50029A594 /* HyoseokView.swift */; };
		CE935AFC2A5D5C9E0029A594 /* Data.swift in Sources */ = {isa = PBXBuildFile; fileRef = CE935AFB2A5D5C9E0029A594 /* Data.swift */; };
		CE935AFE2A5D5CC00029A594 /* MemberView.swift in Sources */ = {isa = PBXBuildFile; fileRef = CE935AFD2A5D5CC00029A594 /* MemberView.swift */; };
		CE935B002A5D5CF20029A594 /* MessageView.swift in Sources */ = {isa = PBXBuildFile; fileRef = CE935AFF2A5D5CF20029A594 /* MessageView.swift */; };
/* End PBXBuildFile section */

/* Begin PBXFileReference section */
		99DE0F2B2A5D57C300C59B95 /* CoffeeChat_Ver2.app */ = {isa = PBXFileReference; explicitFileType = wrapper.application; includeInIndex = 0; path = CoffeeChat_Ver2.app; sourceTree = BUILT_PRODUCTS_DIR; };
		99DE0F2E2A5D57C300C59B95 /* CoffeeChat_Ver2App.swift */ = {isa = PBXFileReference; lastKnownFileType = sourcecode.swift; path = CoffeeChat_Ver2App.swift; sourceTree = "<group>"; };
		99DE0F302A5D57C300C59B95 /* ContentView.swift */ = {isa = PBXFileReference; lastKnownFileType = sourcecode.swift; path = ContentView.swift; sourceTree = "<group>"; };
		99DE0F322A5D57C600C59B95 /* Assets.xcassets */ = {isa = PBXFileReference; lastKnownFileType = folder.assetcatalog; path = Assets.xcassets; sourceTree = "<group>"; };
		99DE0F352A5D57C600C59B95 /* Preview Assets.xcassets */ = {isa = PBXFileReference; lastKnownFileType = folder.assetcatalog; path = "Preview Assets.xcassets"; sourceTree = "<group>"; };
		CE935AF92A5D5BB50029A594 /* HyoseokView.swift */ = {isa = PBXFileReference; lastKnownFileType = sourcecode.swift; path = HyoseokView.swift; sourceTree = "<group>"; };
		CE935AFB2A5D5C9E0029A594 /* Data.swift */ = {isa = PBXFileReference; lastKnownFileType = sourcecode.swift; path = Data.swift; sourceTree = "<group>"; };
		CE935AFD2A5D5CC00029A594 /* MemberView.swift */ = {isa = PBXFileReference; lastKnownFileType = sourcecode.swift; path = MemberView.swift; sourceTree = "<group>"; };
		CE935AFF2A5D5CF20029A594 /* MessageView.swift */ = {isa = PBXFileReference; lastKnownFileType = sourcecode.swift; path = MessageView.swift; sourceTree = "<group>"; };
/* End PBXFileReference section */

/* Begin PBXFrameworksBuildPhase section */
		99DE0F282A5D57C300C59B95 /* Frameworks */ = {
			isa = PBXFrameworksBuildPhase;
			buildActionMask = 2147483647;
			files = (
			);
			runOnlyForDeploymentPostprocessing = 0;
		};
/* End PBXFrameworksBuildPhase section */

/* Begin PBXGroup section */
		99DE0F222A5D57C300C59B95 = {
			isa = PBXGroup;
			children = (
				99DE0F2D2A5D57C300C59B95 /* CoffeeChat_Ver2 */,
				99DE0F2C2A5D57C300C59B95 /* Products */,
			);
			sourceTree = "<group>";
		};
		99DE0F2C2A5D57C300C59B95 /* Products */ = {
			isa = PBXGroup;
			children = (
				99DE0F2B2A5D57C300C59B95 /* CoffeeChat_Ver2.app */,
			);
			name = Products;
			sourceTree = "<group>";
		};
		99DE0F2D2A5D57C300C59B95 /* CoffeeChat_Ver2 */ = {
			isa = PBXGroup;
			children = (
				CE935AF82A5D5B900029A594 /* HyoseokGroup */,
				99DE0F2E2A5D57C300C59B95 /* CoffeeChat_Ver2App.swift */,
				99DE0F302A5D57C300C59B95 /* ContentView.swift */,
				99DE0F322A5D57C600C59B95 /* Assets.xcassets */,
				99DE0F342A5D57C600C59B95 /* Preview Content */,
			);
			path = CoffeeChat_Ver2;
			sourceTree = "<group>";
		};
		99DE0F342A5D57C600C59B95 /* Preview Content */ = {
			isa = PBXGroup;
			children = (
				99DE0F352A5D57C600C59B95 /* Preview Assets.xcassets */,
			);
			path = "Preview Content";
			sourceTree = "<group>";
		};
		CE935AF82A5D5B900029A594 /* HyoseokGroup */ = {
			isa = PBXGroup;
			children = (
				CE935AF92A5D5BB50029A594 /* HyoseokView.swift */,
				CE935AFB2A5D5C9E0029A594 /* Data.swift */,
				CE935AFD2A5D5CC00029A594 /* MemberView.swift */,
				CE935AFF2A5D5CF20029A594 /* MessageView.swift */,
			);
			path = HyoseokGroup;
			sourceTree = "<group>";
		};
/* End PBXGroup section */

/* Begin PBXNativeTarget section */
		99DE0F2A2A5D57C300C59B95 /* CoffeeChat_Ver2 */ = {
			isa = PBXNativeTarget;
			buildConfigurationList = 99DE0F392A5D57C600C59B95 /* Build configuration list for PBXNativeTarget "CoffeeChat_Ver2" */;
			buildPhases = (
				99DE0F272A5D57C300C59B95 /* Sources */,
				99DE0F282A5D57C300C59B95 /* Frameworks */,
				99DE0F292A5D57C300C59B95 /* Resources */,
			);
			buildRules = (
			);
			dependencies = (
			);
			name = CoffeeChat_Ver2;
			productName = CoffeeChat_Ver2;
			productReference = 99DE0F2B2A5D57C300C59B95 /* CoffeeChat_Ver2.app */;
			productType = "com.apple.product-type.application";
		};
/* End PBXNativeTarget section */

/* Begin PBXProject section */
		99DE0F232A5D57C300C59B95 /* Project object */ = {
			isa = PBXProject;
			attributes = {
				BuildIndependentTargetsInParallel = 1;
				LastSwiftUpdateCheck = 1430;
				LastUpgradeCheck = 1430;
				TargetAttributes = {
					99DE0F2A2A5D57C300C59B95 = {
						CreatedOnToolsVersion = 14.3.1;
					};
				};
			};
			buildConfigurationList = 99DE0F262A5D57C300C59B95 /* Build configuration list for PBXProject "CoffeeChat_Ver2" */;
			compatibilityVersion = "Xcode 14.0";
			developmentRegion = en;
			hasScannedForEncodings = 0;
			knownRegions = (
				en,
				Base,
			);
			mainGroup = 99DE0F222A5D57C300C59B95;
			productRefGroup = 99DE0F2C2A5D57C300C59B95 /* Products */;
			projectDirPath = "";
			projectRoot = "";
			targets = (
				99DE0F2A2A5D57C300C59B95 /* CoffeeChat_Ver2 */,
			);
		};
/* End PBXProject section */

/* Begin PBXResourcesBuildPhase section */
		99DE0F292A5D57C300C59B95 /* Resources */ = {
			isa = PBXResourcesBuildPhase;
			buildActionMask = 2147483647;
			files = (
				99DE0F362A5D57C600C59B95 /* Preview Assets.xcassets in Resources */,
				99DE0F332A5D57C600C59B95 /* Assets.xcassets in Resources */,
			);
			runOnlyForDeploymentPostprocessing = 0;
		};
/* End PBXResourcesBuildPhase section */

/* Begin PBXSourcesBuildPhase section */
		99DE0F272A5D57C300C59B95 /* Sources */ = {
			isa = PBXSourcesBuildPhase;
			buildActionMask = 2147483647;
			files = (
				CE935B002A5D5CF20029A594 /* MessageView.swift in Sources */,
				CE935AFA2A5D5BB50029A594 /* HyoseokView.swift in Sources */,
				99DE0F312A5D57C300C59B95 /* ContentView.swift in Sources */,
				99DE0F2F2A5D57C300C59B95 /* CoffeeChat_Ver2App.swift in Sources */,
				CE935AFE2A5D5CC00029A594 /* MemberView.swift in Sources */,
				CE935AFC2A5D5C9E0029A594 /* Data.swift in Sources */,
			);
			runOnlyForDeploymentPostprocessing = 0;
		};
/* End PBXSourcesBuildPhase section */

/* Begin XCBuildConfiguration section */
		99DE0F372A5D57C600C59B95 /* Debug */ = {
			isa = XCBuildConfiguration;
			buildSettings = {
				ALWAYS_SEARCH_USER_PATHS = NO;
				CLANG_ANALYZER_NONNULL = YES;
				CLANG_ANALYZER_NUMBER_OBJECT_CONVERSION = YES_AGGRESSIVE;
				CLANG_CXX_LANGUAGE_STANDARD = "gnu++20";
				CLANG_ENABLE_MODULES = YES;
				CLANG_ENABLE_OBJC_ARC = YES;
				CLANG_ENABLE_OBJC_WEAK = YES;
				CLANG_WARN_BLOCK_CAPTURE_AUTORELEASING = YES;
				CLANG_WARN_BOOL_CONVERSION = YES;
				CLANG_WARN_COMMA = YES;
				CLANG_WARN_CONSTANT_CONVERSION = YES;
				CLANG_WARN_DEPRECATED_OBJC_IMPLEMENTATIONS = YES;
				CLANG_WARN_DIRECT_OBJC_ISA_USAGE = YES_ERROR;
				CLANG_WARN_DOCUMENTATION_COMMENTS = YES;
				CLANG_WARN_EMPTY_BODY = YES;
				CLANG_WARN_ENUM_CONVERSION = YES;
				CLANG_WARN_INFINITE_RECURSION = YES;
				CLANG_WARN_INT_CONVERSION = YES;
				CLANG_WARN_NON_LITERAL_NULL_CONVERSION = YES;
				CLANG_WARN_OBJC_IMPLICIT_RETAIN_SELF = YES;
				CLANG_WARN_OBJC_LITERAL_CONVERSION = YES;
				CLANG_WARN_OBJC_ROOT_CLASS = YES_ERROR;
				CLANG_WARN_QUOTED_INCLUDE_IN_FRAMEWORK_HEADER = YES;
				CLANG_WARN_RANGE_LOOP_ANALYSIS = YES;
				CLANG_WARN_STRICT_PROTOTYPES = YES;
				CLANG_WARN_SUSPICIOUS_MOVE = YES;
				CLANG_WARN_UNGUARDED_AVAILABILITY = YES_AGGRESSIVE;
				CLANG_WARN_UNREACHABLE_CODE = YES;
				CLANG_WARN__DUPLICATE_METHOD_MATCH = YES;
				COPY_PHASE_STRIP = NO;
				DEBUG_INFORMATION_FORMAT = dwarf;
				ENABLE_STRICT_OBJC_MSGSEND = YES;
				ENABLE_TESTABILITY = YES;
				GCC_C_LANGUAGE_STANDARD = gnu11;
				GCC_DYNAMIC_NO_PIC = NO;
				GCC_NO_COMMON_BLOCKS = YES;
				GCC_OPTIMIZATION_LEVEL = 0;
				GCC_PREPROCESSOR_DEFINITIONS = (
					"DEBUG=1",
					"$(inherited)",
				);
				GCC_WARN_64_TO_32_BIT_CONVERSION = YES;
				GCC_WARN_ABOUT_RETURN_TYPE = YES_ERROR;
				GCC_WARN_UNDECLARED_SELECTOR = YES;
				GCC_WARN_UNINITIALIZED_AUTOS = YES_AGGRESSIVE;
				GCC_WARN_UNUSED_FUNCTION = YES;
				GCC_WARN_UNUSED_VARIABLE = YES;
				IPHONEOS_DEPLOYMENT_TARGET = 16.4;
				MTL_ENABLE_DEBUG_INFO = INCLUDE_SOURCE;
				MTL_FAST_MATH = YES;
				ONLY_ACTIVE_ARCH = YES;
				SDKROOT = iphoneos;
				SWIFT_ACTIVE_COMPILATION_CONDITIONS = DEBUG;
				SWIFT_OPTIMIZATION_LEVEL = "-Onone";
			};
			name = Debug;
		};
		99DE0F382A5D57C600C59B95 /* Release */ = {
			isa = XCBuildConfiguration;
			buildSettings = {
				ALWAYS_SEARCH_USER_PATHS = NO;
				CLANG_ANALYZER_NONNULL = YES;
				CLANG_ANALYZER_NUMBER_OBJECT_CONVERSION = YES_AGGRESSIVE;
				CLANG_CXX_LANGUAGE_STANDARD = "gnu++20";
				CLANG_ENABLE_MODULES = YES;
				CLANG_ENABLE_OBJC_ARC = YES;
				CLANG_ENABLE_OBJC_WEAK = YES;
				CLANG_WARN_BLOCK_CAPTURE_AUTORELEASING = YES;
				CLANG_WARN_BOOL_CONVERSION = YES;
				CLANG_WARN_COMMA = YES;
				CLANG_WARN_CONSTANT_CONVERSION = YES;
				CLANG_WARN_DEPRECATED_OBJC_IMPLEMENTATIONS = YES;
				CLANG_WARN_DIRECT_OBJC_ISA_USAGE = YES_ERROR;
				CLANG_WARN_DOCUMENTATION_COMMENTS = YES;
				CLANG_WARN_EMPTY_BODY = YES;
				CLANG_WARN_ENUM_CONVERSION = YES;
				CLANG_WARN_INFINITE_RECURSION = YES;
				CLANG_WARN_INT_CONVERSION = YES;
				CLANG_WARN_NON_LITERAL_NULL_CONVERSION = YES;
				CLANG_WARN_OBJC_IMPLICIT_RETAIN_SELF = YES;
				CLANG_WARN_OBJC_LITERAL_CONVERSION = YES;
				CLANG_WARN_OBJC_ROOT_CLASS = YES_ERROR;
				CLANG_WARN_QUOTED_INCLUDE_IN_FRAMEWORK_HEADER = YES;
				CLANG_WARN_RANGE_LOOP_ANALYSIS = YES;
				CLANG_WARN_STRICT_PROTOTYPES = YES;
				CLANG_WARN_SUSPICIOUS_MOVE = YES;
				CLANG_WARN_UNGUARDED_AVAILABILITY = YES_AGGRESSIVE;
				CLANG_WARN_UNREACHABLE_CODE = YES;
				CLANG_WARN__DUPLICATE_METHOD_MATCH = YES;
				COPY_PHASE_STRIP = NO;
				DEBUG_INFORMATION_FORMAT = "dwarf-with-dsym";
				ENABLE_NS_ASSERTIONS = NO;
				ENABLE_STRICT_OBJC_MSGSEND = YES;
				GCC_C_LANGUAGE_STANDARD = gnu11;
				GCC_NO_COMMON_BLOCKS = YES;
				GCC_WARN_64_TO_32_BIT_CONVERSION = YES;
				GCC_WARN_ABOUT_RETURN_TYPE = YES_ERROR;
				GCC_WARN_UNDECLARED_SELECTOR = YES;
				GCC_WARN_UNINITIALIZED_AUTOS = YES_AGGRESSIVE;
				GCC_WARN_UNUSED_FUNCTION = YES;
				GCC_WARN_UNUSED_VARIABLE = YES;
				IPHONEOS_DEPLOYMENT_TARGET = 16.4;
				MTL_ENABLE_DEBUG_INFO = NO;
				MTL_FAST_MATH = YES;
				SDKROOT = iphoneos;
				SWIFT_COMPILATION_MODE = wholemodule;
				SWIFT_OPTIMIZATION_LEVEL = "-O";
				VALIDATE_PRODUCT = YES;
			};
			name = Release;
		};
		99DE0F3A2A5D57C600C59B95 /* Debug */ = {
			isa = XCBuildConfiguration;
			buildSettings = {
				ASSETCATALOG_COMPILER_APPICON_NAME = AppIcon;
				ASSETCATALOG_COMPILER_GLOBAL_ACCENT_COLOR_NAME = AccentColor;
				CODE_SIGN_STYLE = Automatic;
				CURRENT_PROJECT_VERSION = 1;
				DEVELOPMENT_ASSET_PATHS = "\"CoffeeChat_Ver2/Preview Content\"";
				DEVELOPMENT_TEAM = 9XB7FH3RZ5;
				ENABLE_PREVIEWS = YES;
				GENERATE_INFOPLIST_FILE = YES;
				INFOPLIST_KEY_UIApplicationSceneManifest_Generation = YES;
				INFOPLIST_KEY_UIApplicationSupportsIndirectInputEvents = YES;
				INFOPLIST_KEY_UILaunchScreen_Generation = YES;
				INFOPLIST_KEY_UISupportedInterfaceOrientations_iPad = "UIInterfaceOrientationPortrait UIInterfaceOrientationPortraitUpsideDown UIInterfaceOrientationLandscapeLeft UIInterfaceOrientationLandscapeRight";
				INFOPLIST_KEY_UISupportedInterfaceOrientations_iPhone = "UIInterfaceOrientationPortrait UIInterfaceOrientationLandscapeLeft UIInterfaceOrientationLandscapeRight";
				LD_RUNPATH_SEARCH_PATHS = (
					"$(inherited)",
					"@executable_path/Frameworks",
				);
				MARKETING_VERSION = 1.0;
				PRODUCT_BUNDLE_IDENTIFIER = "com.jeonghome.CoffeeChat-Ver2";
				PRODUCT_NAME = "$(TARGET_NAME)";
				SWIFT_EMIT_LOC_STRINGS = YES;
				SWIFT_VERSION = 5.0;
				TARGETED_DEVICE_FAMILY = "1,2";
			};
			name = Debug;
		};
		99DE0F3B2A5D57C600C59B95 /* Release */ = {
			isa = XCBuildConfiguration;
			buildSettings = {
				ASSETCATALOG_COMPILER_APPICON_NAME = AppIcon;
				ASSETCATALOG_COMPILER_GLOBAL_ACCENT_COLOR_NAME = AccentColor;
				CODE_SIGN_STYLE = Automatic;
				CURRENT_PROJECT_VERSION = 1;
				DEVELOPMENT_ASSET_PATHS = "\"CoffeeChat_Ver2/Preview Content\"";
				DEVELOPMENT_TEAM = 9XB7FH3RZ5;
				ENABLE_PREVIEWS = YES;
				GENERATE_INFOPLIST_FILE = YES;
				INFOPLIST_KEY_UIApplicationSceneManifest_Generation = YES;
				INFOPLIST_KEY_UIApplicationSupportsIndirectInputEvents = YES;
				INFOPLIST_KEY_UILaunchScreen_Generation = YES;
				INFOPLIST_KEY_UISupportedInterfaceOrientations_iPad = "UIInterfaceOrientationPortrait UIInterfaceOrientationPortraitUpsideDown UIInterfaceOrientationLandscapeLeft UIInterfaceOrientationLandscapeRight";
				INFOPLIST_KEY_UISupportedInterfaceOrientations_iPhone = "UIInterfaceOrientationPortrait UIInterfaceOrientationLandscapeLeft UIInterfaceOrientationLandscapeRight";
				LD_RUNPATH_SEARCH_PATHS = (
					"$(inherited)",
					"@executable_path/Frameworks",
				);
				MARKETING_VERSION = 1.0;
				PRODUCT_BUNDLE_IDENTIFIER = "com.jeonghome.CoffeeChat-Ver2";
				PRODUCT_NAME = "$(TARGET_NAME)";
				SWIFT_EMIT_LOC_STRINGS = YES;
				SWIFT_VERSION = 5.0;
				TARGETED_DEVICE_FAMILY = "1,2";
			};
			name = Release;
		};
/* End XCBuildConfiguration section */

/* Begin XCConfigurationList section */
		99DE0F262A5D57C300C59B95 /* Build configuration list for PBXProject "CoffeeChat_Ver2" */ = {
			isa = XCConfigurationList;
			buildConfigurations = (
				99DE0F372A5D57C600C59B95 /* Debug */,
				99DE0F382A5D57C600C59B95 /* Release */,
			);
			defaultConfigurationIsVisible = 0;
			defaultConfigurationName = Release;
		};
		99DE0F392A5D57C600C59B95 /* Build configuration list for PBXNativeTarget "CoffeeChat_Ver2" */ = {
			isa = XCConfigurationList;
			buildConfigurations = (
				99DE0F3A2A5D57C600C59B95 /* Debug */,
				99DE0F3B2A5D57C600C59B95 /* Release */,
			);
			defaultConfigurationIsVisible = 0;
			defaultConfigurationName = Release;
		};
/* End XCConfigurationList section */
	};
	rootObject = 99DE0F232A5D57C300C59B95 /* Project object */;
}
